
Microsoft Visual Studio Solution File, Format Version 12.00
# Visual Studio Version 17
VisualStudioVersion = 17.1.32319.34
MinimumVisualStudioVersion = 10.0.40219.1
Project("{FAE04EC0-301F-11D3-BF4B-00C04F79EFBC}") = "SampleDatabase", "SampleDatabase\SampleDatabase.csproj", "{A8344043-870D-46DC-AD94-467DF4618495}"
EndProject
Global
	GlobalSection(SolutionConfigurationPlatforms) = preSolution
		Debug|Any CPU = Debug|Any CPU
		Release|Any CPU = Release|Any CPU
	EndGlobalSection
	GlobalSection(ProjectConfigurationPlatforms) = postSolution
		{A8344043-870D-46DC-AD94-467DF4618495}.Debug|Any CPU.ActiveCfg = Debug|Any CPU
		{A8344043-870D-46DC-AD94-467DF4618495}.Debug|Any CPU.Build.0 = Debug|Any CPU
		{A8344043-870D-46DC-AD94-467DF4618495}.Release|Any CPU.ActiveCfg = Release|Any CPU
		{A8344043-870D-46DC-AD94-467DF4618495}.Release|Any CPU.Build.0 = Release|Any CPU
	EndGlobalSection
	GlobalSection(SolutionProperties) = preSolution
		HideSolutionNode = FALSE
	EndGlobalSection
	GlobalSection(ExtensibilityGlobals) = postSolution
		SolutionGuid = {FB43A450-BCD5-4EE5-A1BF-71104EF96116}
	EndGlobalSection
EndGlobal
