
Microsoft Visual Studio Solution File, Format Version 12.00
# Visual Studio Version 17
VisualStudioVersion = 17.1.32319.34
MinimumVisualStudioVersion = 10.0.40219.1
Project("{FAE04EC0-301F-11D3-BF4B-00C04F79EFBC}") = "practice3-5", "practice3-5\practice3-5.csproj", "{32FC2A74-5CCC-416C-86F2-B9BAD8299BDF}"
EndProject
Global
	GlobalSection(SolutionConfigurationPlatforms) = preSolution
		Debug|Any CPU = Debug|Any CPU
		Release|Any CPU = Release|Any CPU
	EndGlobalSection
	GlobalSection(ProjectConfigurationPlatforms) = postSolution
		{32FC2A74-5CCC-416C-86F2-B9BAD8299BDF}.Debug|Any CPU.ActiveCfg = Debug|Any CPU
		{32FC2A74-5CCC-416C-86F2-B9BAD8299BDF}.Debug|Any CPU.Build.0 = Debug|Any CPU
		{32FC2A74-5CCC-416C-86F2-B9BAD8299BDF}.Release|Any CPU.ActiveCfg = Release|Any CPU
		{32FC2A74-5CCC-416C-86F2-B9BAD8299BDF}.Release|Any CPU.Build.0 = Release|Any CPU
	EndGlobalSection
	GlobalSection(SolutionProperties) = preSolution
		HideSolutionNode = FALSE
	EndGlobalSection
	GlobalSection(ExtensibilityGlobals) = postSolution
		SolutionGuid = {8D08AAFE-209A-4FDF-9D3B-08311E995DC0}
	EndGlobalSection
EndGlobal
